
Microsoft Visual Studio Solution File, Format Version 12.00
Project("{FAE04EC0-301F-11D3-BF4B-00C04F79EFBC}") = "dddlib", "dddlib\dddlib.csproj", "{39F02655-3186-4DB1-A2CE-7EF08400A288}"
EndProject
Project("{FAE04EC0-301F-11D3-BF4B-00C04F79EFBC}") = "dddlib.Persistence", "dddlib.Persistence\dddlib.Persistence.csproj", "{57993FBC-382E-41B0-9020-1D727E81B4FF}"
EndProject
Project("{FAE04EC0-301F-11D3-BF4B-00C04F79EFBC}") = "dddlib.Persistence.EventDispatcher", "dddlib.Persistence.EventDispatcher\dddlib.Persistence.EventDispatcher.csproj", "{4B55E518-29C8-4BAC-B083-D1FD243C933B}"
EndProject
Project("{FAE04EC0-301F-11D3-BF4B-00C04F79EFBC}") = "dddlib.Projections", "dddlib.Projections\dddlib.Projections.csproj", "{A880D009-5A4A-4BC9-A26F-2FCCC08FFF8A}"
EndProject
Project("{FAE04EC0-301F-11D3-BF4B-00C04F79EFBC}") = "dddlib.TestFramework", "dddlib.TestFramework\dddlib.TestFramework.csproj", "{06667B8E-8039-4170-8E7B-3C5B5041A617}"
EndProject
Project("{2150E333-8FDC-42A3-9474-1A3956D46DE8}") = "Tests", "Tests", "{9C513BB7-9240-453D-8B40-68F3D6D3C48C}"
EndProject
Project("{FAE04EC0-301F-11D3-BF4B-00C04F79EFBC}") = "dddlib.Persistence.EventDispatcher.Tests", "tests\dddlib.Persistence.EventDispatcher.Tests\dddlib.Persistence.EventDispatcher.Tests.csproj", "{10013D6E-77BF-4B11-BA51-D78272238C26}"
EndProject
Project("{FAE04EC0-301F-11D3-BF4B-00C04F79EFBC}") = "dddlib.Persistence.Tests", "tests\dddlib.Persistence.Tests\dddlib.Persistence.Tests.csproj", "{DE896EA3-B7AB-4FDA-B46D-494AAC112F60}"
EndProject
Project("{FAE04EC0-301F-11D3-BF4B-00C04F79EFBC}") = "dddlib.Tests", "tests\dddlib.Tests\dddlib.Tests.csproj", "{39348389-DE30-4368-ADD2-18BADB696A9F}"
EndProject
Project("{FAE04EC0-301F-11D3-BF4B-00C04F79EFBC}") = "dddlib.Tests.Sdk", "tests\dddlib.Tests.Sdk\dddlib.Tests.Sdk.csproj", "{299CAA19-8976-4BDC-82E1-AA36C8D1DE61}"
EndProject
Project("{FAE04EC0-301F-11D3-BF4B-00C04F79EFBC}") = "dddlib.Tests.Support", "tests\dddlib.Tests.Support\dddlib.Tests.Support.csproj", "{8D469DD9-D852-414F-9D18-CD4C5BEC3055}"
EndProject
Project("{FAE04EC0-301F-11D3-BF4B-00C04F79EFBC}") = "perftest", "tests\perftest\perftest.csproj", "{988295F4-2551-4C77-8533-334D9623556B}"
EndProject
Global
	GlobalSection(SolutionConfigurationPlatforms) = preSolution
		Debug|Any CPU = Debug|Any CPU
		Release|Any CPU = Release|Any CPU
	EndGlobalSection
	GlobalSection(ProjectConfigurationPlatforms) = postSolution
		{39F02655-3186-4DB1-A2CE-7EF08400A288}.Debug|Any CPU.ActiveCfg = Debug|Any CPU
		{39F02655-3186-4DB1-A2CE-7EF08400A288}.Debug|Any CPU.Build.0 = Debug|Any CPU
		{39F02655-3186-4DB1-A2CE-7EF08400A288}.Release|Any CPU.ActiveCfg = Release|Any CPU
		{39F02655-3186-4DB1-A2CE-7EF08400A288}.Release|Any CPU.Build.0 = Release|Any CPU
		{57993FBC-382E-41B0-9020-1D727E81B4FF}.Debug|Any CPU.ActiveCfg = Debug|Any CPU
		{57993FBC-382E-41B0-9020-1D727E81B4FF}.Debug|Any CPU.Build.0 = Debug|Any CPU
		{57993FBC-382E-41B0-9020-1D727E81B4FF}.Release|Any CPU.ActiveCfg = Release|Any CPU
		{57993FBC-382E-41B0-9020-1D727E81B4FF}.Release|Any CPU.Build.0 = Release|Any CPU
		{4B55E518-29C8-4BAC-B083-D1FD243C933B}.Debug|Any CPU.ActiveCfg = Debug|Any CPU
		{4B55E518-29C8-4BAC-B083-D1FD243C933B}.Debug|Any CPU.Build.0 = Debug|Any CPU
		{4B55E518-29C8-4BAC-B083-D1FD243C933B}.Release|Any CPU.ActiveCfg = Release|Any CPU
		{4B55E518-29C8-4BAC-B083-D1FD243C933B}.Release|Any CPU.Build.0 = Release|Any CPU
		{A880D009-5A4A-4BC9-A26F-2FCCC08FFF8A}.Debug|Any CPU.ActiveCfg = Debug|Any CPU
		{A880D009-5A4A-4BC9-A26F-2FCCC08FFF8A}.Debug|Any CPU.Build.0 = Debug|Any CPU
		{A880D009-5A4A-4BC9-A26F-2FCCC08FFF8A}.Release|Any CPU.ActiveCfg = Release|Any CPU
		{A880D009-5A4A-4BC9-A26F-2FCCC08FFF8A}.Release|Any CPU.Build.0 = Release|Any CPU
		{06667B8E-8039-4170-8E7B-3C5B5041A617}.Debug|Any CPU.ActiveCfg = Debug|Any CPU
		{06667B8E-8039-4170-8E7B-3C5B5041A617}.Debug|Any CPU.Build.0 = Debug|Any CPU
		{06667B8E-8039-4170-8E7B-3C5B5041A617}.Release|Any CPU.ActiveCfg = Release|Any CPU
		{06667B8E-8039-4170-8E7B-3C5B5041A617}.Release|Any CPU.Build.0 = Release|Any CPU
		{10013D6E-77BF-4B11-BA51-D78272238C26}.Debug|Any CPU.ActiveCfg = Debug|Any CPU
		{10013D6E-77BF-4B11-BA51-D78272238C26}.Debug|Any CPU.Build.0 = Debug|Any CPU
		{10013D6E-77BF-4B11-BA51-D78272238C26}.Release|Any CPU.ActiveCfg = Release|Any CPU
		{10013D6E-77BF-4B11-BA51-D78272238C26}.Release|Any CPU.Build.0 = Release|Any CPU
		{DE896EA3-B7AB-4FDA-B46D-494AAC112F60}.Debug|Any CPU.ActiveCfg = Debug|Any CPU
		{DE896EA3-B7AB-4FDA-B46D-494AAC112F60}.Debug|Any CPU.Build.0 = Debug|Any CPU
		{DE896EA3-B7AB-4FDA-B46D-494AAC112F60}.Release|Any CPU.ActiveCfg = Release|Any CPU
		{DE896EA3-B7AB-4FDA-B46D-494AAC112F60}.Release|Any CPU.Build.0 = Release|Any CPU
		{39348389-DE30-4368-ADD2-18BADB696A9F}.Debug|Any CPU.ActiveCfg = Debug|Any CPU
		{39348389-DE30-4368-ADD2-18BADB696A9F}.Debug|Any CPU.Build.0 = Debug|Any CPU
		{39348389-DE30-4368-ADD2-18BADB696A9F}.Release|Any CPU.ActiveCfg = Release|Any CPU
		{39348389-DE30-4368-ADD2-18BADB696A9F}.Release|Any CPU.Build.0 = Release|Any CPU
		{299CAA19-8976-4BDC-82E1-AA36C8D1DE61}.Debug|Any CPU.ActiveCfg = Debug|Any CPU
		{299CAA19-8976-4BDC-82E1-AA36C8D1DE61}.Debug|Any CPU.Build.0 = Debug|Any CPU
		{299CAA19-8976-4BDC-82E1-AA36C8D1DE61}.Release|Any CPU.ActiveCfg = Release|Any CPU
		{299CAA19-8976-4BDC-82E1-AA36C8D1DE61}.Release|Any CPU.Build.0 = Release|Any CPU
		{8D469DD9-D852-414F-9D18-CD4C5BEC3055}.Debug|Any CPU.ActiveCfg = Debug|Any CPU
		{8D469DD9-D852-414F-9D18-CD4C5BEC3055}.Debug|Any CPU.Build.0 = Debug|Any CPU
		{8D469DD9-D852-414F-9D18-CD4C5BEC3055}.Release|Any CPU.ActiveCfg = Release|Any CPU
		{8D469DD9-D852-414F-9D18-CD4C5BEC3055}.Release|Any CPU.Build.0 = Release|Any CPU
		{988295F4-2551-4C77-8533-334D9623556B}.Debug|Any CPU.ActiveCfg = Debug|Any CPU
		{988295F4-2551-4C77-8533-334D9623556B}.Debug|Any CPU.Build.0 = Debug|Any CPU
		{988295F4-2551-4C77-8533-334D9623556B}.Release|Any CPU.ActiveCfg = Release|Any CPU
		{988295F4-2551-4C77-8533-334D9623556B}.Release|Any CPU.Build.0 = Release|Any CPU
	EndGlobalSection
	GlobalSection(NestedProjects) = preSolution
		{10013D6E-77BF-4B11-BA51-D78272238C26} = {9C513BB7-9240-453D-8B40-68F3D6D3C48C}
		{DE896EA3-B7AB-4FDA-B46D-494AAC112F60} = {9C513BB7-9240-453D-8B40-68F3D6D3C48C}
		{39348389-DE30-4368-ADD2-18BADB696A9F} = {9C513BB7-9240-453D-8B40-68F3D6D3C48C}
		{299CAA19-8976-4BDC-82E1-AA36C8D1DE61} = {9C513BB7-9240-453D-8B40-68F3D6D3C48C}
		{8D469DD9-D852-414F-9D18-CD4C5BEC3055} = {9C513BB7-9240-453D-8B40-68F3D6D3C48C}
		{988295F4-2551-4C77-8533-334D9623556B} = {9C513BB7-9240-453D-8B40-68F3D6D3C48C}
	EndGlobalSection
EndGlobal
